
Microsoft Visual Studio Solution File, Format Version 12.00
# Visual Studio Version 17
VisualStudioVersion = 17.7.34003.232
MinimumVisualStudioVersion = 10.0.40219.1
Project("{FAE04EC0-301F-11D3-BF4B-00C04F79EFBC}") = "TA35_03", "TA35_03.csproj", "{473E6270-5EDF-47BA-BA9A-F9A4B7B3D347}"
EndProject
Global
	GlobalSection(SolutionConfigurationPlatforms) = preSolution
		Debug|Any CPU = Debug|Any CPU
		Release|Any CPU = Release|Any CPU
	EndGlobalSection
	GlobalSection(ProjectConfigurationPlatforms) = postSolution
		{473E6270-5EDF-47BA-BA9A-F9A4B7B3D347}.Debug|Any CPU.ActiveCfg = Debug|Any CPU
		{473E6270-5EDF-47BA-BA9A-F9A4B7B3D347}.Debug|Any CPU.Build.0 = Debug|Any CPU
		{473E6270-5EDF-47BA-BA9A-F9A4B7B3D347}.Release|Any CPU.ActiveCfg = Release|Any CPU
		{473E6270-5EDF-47BA-BA9A-F9A4B7B3D347}.Release|Any CPU.Build.0 = Release|Any CPU
	EndGlobalSection
	GlobalSection(SolutionProperties) = preSolution
		HideSolutionNode = FALSE
	EndGlobalSection
	GlobalSection(ExtensibilityGlobals) = postSolution
		SolutionGuid = {281A837B-CE28-426D-A2D7-A2C7BC709980}
	EndGlobalSection
EndGlobal
