
Microsoft Visual Studio Solution File, Format Version 12.00
# Visual Studio Version 17
VisualStudioVersion = 17.7.34003.232
MinimumVisualStudioVersion = 10.0.40219.1
Project("{FAE04EC0-301F-11D3-BF4B-00C04F79EFBC}") = "TA35_02", "TA35_02.csproj", "{2CA4C9E0-1AAA-4972-ACE8-BD02ACC2B66F}"
EndProject
Global
	GlobalSection(SolutionConfigurationPlatforms) = preSolution
		Debug|Any CPU = Debug|Any CPU
		Release|Any CPU = Release|Any CPU
	EndGlobalSection
	GlobalSection(ProjectConfigurationPlatforms) = postSolution
		{2CA4C9E0-1AAA-4972-ACE8-BD02ACC2B66F}.Debug|Any CPU.ActiveCfg = Debug|Any CPU
		{2CA4C9E0-1AAA-4972-ACE8-BD02ACC2B66F}.Debug|Any CPU.Build.0 = Debug|Any CPU
		{2CA4C9E0-1AAA-4972-ACE8-BD02ACC2B66F}.Release|Any CPU.ActiveCfg = Release|Any CPU
		{2CA4C9E0-1AAA-4972-ACE8-BD02ACC2B66F}.Release|Any CPU.Build.0 = Release|Any CPU
	EndGlobalSection
	GlobalSection(SolutionProperties) = preSolution
		HideSolutionNode = FALSE
	EndGlobalSection
	GlobalSection(ExtensibilityGlobals) = postSolution
		SolutionGuid = {EDC5CB93-F6AD-420E-826A-2663CCA8BDCA}
	EndGlobalSection
EndGlobal
